// !$*UTF8*$!
{
	archiveVersion = 1;
	classes = {
	};
	objectVersion = 46;
	objects = {

/* Begin PBXBuildFile section */
		571367E81A68E65800B4193B /* ShaderToyRenderer.m in Sources */ = {isa = PBXBuildFile; fileRef = 571367E71A68E65800B4193B /* ShaderToyRenderer.m */; };
		571804841A620942006BB4C5 /* SomewhereIn1993.fsh in Resources */ = {isa = PBXBuildFile; fileRef = 571804831A620942006BB4C5 /* SomewhereIn1993.fsh */; };
		571804881A620951006BB4C5 /* SomewhereIn1993Renderer.h in Headers */ = {isa = PBXBuildFile; fileRef = 571804861A620951006BB4C5 /* SomewhereIn1993Renderer.h */; };
		5718048C1A620CD9006BB4C5 /* MorningCityRenderer.h in Headers */ = {isa = PBXBuildFile; fileRef = 5718048A1A620CD9006BB4C5 /* MorningCityRenderer.h */; };
		5718048E1A620CE3006BB4C5 /* MorningCity.fsh in Resources */ = {isa = PBXBuildFile; fileRef = 5718048D1A620CE3006BB4C5 /* MorningCity.fsh */; };
		571804921A636CE1006BB4C5 /* CircularIterator.m in Sources */ = {isa = PBXBuildFile; fileRef = 571804911A636CE1006BB4C5 /* CircularIterator.m */; };
		571804941A63704C006BB4C5 /* RendererIterator.h in Headers */ = {isa = PBXBuildFile; fileRef = 571804931A63704C006BB4C5 /* RendererIterator.h */; };
		571804961A637317006BB4C5 /* RendererIterator.m in Sources */ = {isa = PBXBuildFile; fileRef = 571804951A637317006BB4C5 /* RendererIterator.m */; };
		5718049A1A639ED6006BB4C5 /* MusicPiratesRenderer.h in Headers */ = {isa = PBXBuildFile; fileRef = 571804981A639ED6006BB4C5 /* MusicPiratesRenderer.h */; };
		5718049C1A639EF0006BB4C5 /* MusicPirates.fsh in Resources */ = {isa = PBXBuildFile; fileRef = 5718049B1A639EF0006BB4C5 /* MusicPirates.fsh */; };
		5718049E1A63A104006BB4C5 /* tex03.jpg in Resources */ = {isa = PBXBuildFile; fileRef = 5718049D1A63A104006BB4C5 /* tex03.jpg */; };
		571804A21A6492AB006BB4C5 /* PropertiesLoader.h in Headers */ = {isa = PBXBuildFile; fileRef = 571804A11A6492AB006BB4C5 /* PropertiesLoader.h */; };
		571804A41A6492C2006BB4C5 /* PropertiesLoader.m in Sources */ = {isa = PBXBuildFile; fileRef = 571804A31A6492C2006BB4C5 /* PropertiesLoader.m */; };
		571804A81A64D5DE006BB4C5 /* SeascapeScreenSaver.plist in Resources */ = {isa = PBXBuildFile; fileRef = 5718049F1A648B9D006BB4C5 /* SeascapeScreenSaver.plist */; };
		571804AA1A64DC17006BB4C5 /* starter.SeascapeScreenSaver.plist in Resources */ = {isa = PBXBuildFile; fileRef = 571804A91A64DC17006BB4C5 /* starter.SeascapeScreenSaver.plist */; };
		571804AC1A64FF1D006BB4C5 /* ShaderTexture.h in Headers */ = {isa = PBXBuildFile; fileRef = 571804AB1A64FF1D006BB4C5 /* ShaderTexture.h */; };
		571804AF1A64FF6D006BB4C5 /* ShaderTexture.m in Headers */ = {isa = PBXBuildFile; fileRef = 571804AD1A64FF6D006BB4C5 /* ShaderTexture.m */; };
		571804B21A6500BD006BB4C5 /* Attributes.h in Headers */ = {isa = PBXBuildFile; fileRef = 571804B11A6500BD006BB4C5 /* Attributes.h */; };
		571804B31A65A8FE006BB4C5 /* ShaderTexture.m in Sources */ = {isa = PBXBuildFile; fileRef = 571804AD1A64FF6D006BB4C5 /* ShaderTexture.m */; };
		571804B51A65A98A006BB4C5 /* ShaderTextureData.m in Sources */ = {isa = PBXBuildFile; fileRef = 571804B41A65A98A006BB4C5 /* ShaderTextureData.m */; };
		573DDEE41A6DE38600949D2E /* Fire.fsh in Resources */ = {isa = PBXBuildFile; fileRef = 573DDEE31A6DE38600949D2E /* Fire.fsh */; };
		573DDEE61A6E1A6500949D2E /* tex02.jpg in Resources */ = {isa = PBXBuildFile; fileRef = 573DDEE51A6E1A6500949D2E /* tex02.jpg */; };
		573DDEE81A6E1AA100949D2E /* AbandonedBase.fsh in Resources */ = {isa = PBXBuildFile; fileRef = 573DDEE71A6E1AA100949D2E /* AbandonedBase.fsh */; };
		573DDEEA1A6E256300949D2E /* SunsetOnTheSea.fsh in Resources */ = {isa = PBXBuildFile; fileRef = 573DDEE91A6E256300949D2E /* SunsetOnTheSea.fsh */; };
		573DDEEC1A6F85CC00949D2E /* tex07.jpg in Resources */ = {isa = PBXBuildFile; fileRef = 573DDEEB1A6F85CC00949D2E /* tex07.jpg */; };
		573DDEEE1A6F864900949D2E /* tex06.jpg in Resources */ = {isa = PBXBuildFile; fileRef = 573DDEED1A6F864900949D2E /* tex06.jpg */; };
		573DDEF01A6F86E700949D2E /* Kepler256o.fsh in Resources */ = {isa = PBXBuildFile; fileRef = 573DDEEF1A6F86E700949D2E /* Kepler256o.fsh */; };
		577E02DF1A60F42D007F9E2C /* SymmetricOrigins.fsh in Resources */ = {isa = PBXBuildFile; fileRef = 577E02DD1A60F42D007F9E2C /* SymmetricOrigins.fsh */; };
		577E02E01A60F42D007F9E2C /* CommonVertexShader.vsh in Resources */ = {isa = PBXBuildFile; fileRef = 577E02DE1A60F42D007F9E2C /* CommonVertexShader.vsh */; };
		577E02E31A60F586007F9E2C /* SymmetricOriginsRenderer.h in Headers */ = {isa = PBXBuildFile; fileRef = 577E02E11A60F586007F9E2C /* SymmetricOriginsRenderer.h */; };
		57C109F21A5DB4C7002D4F58 /* SeascapeScreenSaverView.h in Headers */ = {isa = PBXBuildFile; fileRef = 57C109DA1A5DB4C7002D4F58 /* SeascapeScreenSaverView.h */; };
		57C109F31A5DB4C7002D4F58 /* SeascapeScreenSaverView.m in Sources */ = {isa = PBXBuildFile; fileRef = 57C109DB1A5DB4C7002D4F58 /* SeascapeScreenSaverView.m */; };
		57C109F41A5DB4C7002D4F58 /* Renderer.h in Headers */ = {isa = PBXBuildFile; fileRef = 57C109DD1A5DB4C7002D4F58 /* Renderer.h */; };
		57C109F51A5DB4C7002D4F58 /* GLUtil.c in Sources */ = {isa = PBXBuildFile; fileRef = 57C109DE1A5DB4C7002D4F58 /* GLUtil.c */; };
		57C109F61A5DB4C7002D4F58 /* GLUtil.h in Headers */ = {isa = PBXBuildFile; fileRef = 57C109DF1A5DB4C7002D4F58 /* GLUtil.h */; };
		57C109F71A5DB4C7002D4F58 /* ImageLoader.h in Headers */ = {isa = PBXBuildFile; fileRef = 57C109E01A5DB4C7002D4F58 /* ImageLoader.h */; };
		57C109F81A5DB4C7002D4F58 /* ImageLoader.m in Sources */ = {isa = PBXBuildFile; fileRef = 57C109E11A5DB4C7002D4F58 /* ImageLoader.m */; };
		57C109F91A5DB4C7002D4F58 /* Matrix.h in Headers */ = {isa = PBXBuildFile; fileRef = 57C109E21A5DB4C7002D4F58 /* Matrix.h */; };
		57C109FA1A5DB4C7002D4F58 /* ShaderUtil.h in Headers */ = {isa = PBXBuildFile; fileRef = 57C109E31A5DB4C7002D4F58 /* ShaderUtil.h */; };
		57C109FB1A5DB4C7002D4F58 /* ShaderUtil.m in Sources */ = {isa = PBXBuildFile; fileRef = 57C109E41A5DB4C7002D4F58 /* ShaderUtil.m */; };
		57C109FC1A5DB4C7002D4F58 /* Vector.h in Headers */ = {isa = PBXBuildFile; fileRef = 57C109E51A5DB4C7002D4F58 /* Vector.h */; };
		57C109FD1A5DB4C7002D4F58 /* WobblerRenderer.h in Headers */ = {isa = PBXBuildFile; fileRef = 57C109E61A5DB4C7002D4F58 /* WobblerRenderer.h */; };
		57C109FE1A5DB4C7002D4F58 /* WobblerRenderer.mm in Sources */ = {isa = PBXBuildFile; fileRef = 57C109E71A5DB4C7002D4F58 /* WobblerRenderer.mm */; };
		57C109FF1A5DB4C7002D4F58 /* Day.jpg in Resources */ = {isa = PBXBuildFile; fileRef = 57C109EA1A5DB4C7002D4F58 /* Day.jpg */; };
		57C10A021A5DB4C7002D4F58 /* WobblerShader.fsh in Resources */ = {isa = PBXBuildFile; fileRef = 57C109EE1A5DB4C7002D4F58 /* WobblerShader.fsh */; };
		57C10A031A5DB4C7002D4F58 /* WobblerShader.vsh in Resources */ = {isa = PBXBuildFile; fileRef = 57C109EF1A5DB4C7002D4F58 /* WobblerShader.vsh */; };
		57C10A131A5DBAEA002D4F58 /* MountainsRenderer.h in Headers */ = {isa = PBXBuildFile; fileRef = 57C10A0F1A5DBAEA002D4F58 /* MountainsRenderer.h */; };
		57C10A151A5DBAEA002D4F58 /* SeascapeRenderer.h in Headers */ = {isa = PBXBuildFile; fileRef = 57C10A111A5DBAEA002D4F58 /* SeascapeRenderer.h */; };
		57C10A251A5E5BA2002D4F58 /* Mountains.fsh in Resources */ = {isa = PBXBuildFile; fileRef = 57C10A211A5E5BA2002D4F58 /* Mountains.fsh */; };
		57C10A271A5E5BA2002D4F58 /* Seascape.fsh in Resources */ = {isa = PBXBuildFile; fileRef = 57C10A231A5E5BA2002D4F58 /* Seascape.fsh */; };
		57C10A2B1A5E5FEF002D4F58 /* tex11.png in Resources */ = {isa = PBXBuildFile; fileRef = 57C10A291A5E5FEF002D4F58 /* tex11.png */; };
		57C10A2C1A5E5FEF002D4F58 /* tex12.png in Resources */ = {isa = PBXBuildFile; fileRef = 57C10A2A1A5E5FEF002D4F58 /* tex12.png */; };
		57D56E9A1A69D1A40041C679 /* AnimationController.h in Headers */ = {isa = PBXBuildFile; fileRef = 57D56E991A69D1A40041C679 /* AnimationController.h */; };
		57D56E9C1A6A2ED20041C679 /* tex16.png in Resources */ = {isa = PBXBuildFile; fileRef = 57D56E9B1A6A2ED20041C679 /* tex16.png */; };
		57D56E9E1A6A2F1F0041C679 /* RacingGame.fsh in Resources */ = {isa = PBXBuildFile; fileRef = 57D56E9D1A6A2F1F0041C679 /* RacingGame.fsh */; };
		57D56EA01A6AD5D50041C679 /* Tokyo.fsh in Resources */ = {isa = PBXBuildFile; fileRef = 57D56E9F1A6AD5D50041C679 /* Tokyo.fsh */; };
		57D56EA21A6AFF430041C679 /* FractalCondos.fsh in Resources */ = {isa = PBXBuildFile; fileRef = 57D56EA11A6AFF430041C679 /* FractalCondos.fsh */; };
		57D56EA41A6B00CF0041C679 /* Generators.fsh in Resources */ = {isa = PBXBuildFile; fileRef = 57D56EA31A6B00CF0041C679 /* Generators.fsh */; };
		57D56EA61A6CCB240041C679 /* MainSequenceStar.fsh in Resources */ = {isa = PBXBuildFile; fileRef = 57D56EA51A6CCB240041C679 /* MainSequenceStar.fsh */; };
		57D56EA81A6CD0210041C679 /* MengerJourney.fsh in Resources */ = {isa = PBXBuildFile; fileRef = 57D56EA71A6CD0210041C679 /* MengerJourney.fsh */; };
		57D56EAA1A6CD3C70041C679 /* CubesAndSpheres.fsh in Resources */ = {isa = PBXBuildFile; fileRef = 57D56EA91A6CD3C70041C679 /* CubesAndSpheres.fsh */; };
		57D56EAC1A6CD8FA0041C679 /* Venice.fsh in Resources */ = {isa = PBXBuildFile; fileRef = 57D56EAB1A6CD8FA0041C679 /* Venice.fsh */; };
		57D56EB01A6CDC530041C679 /* tex09.jpg in Resources */ = {isa = PBXBuildFile; fileRef = 57D56EAD1A6CDC530041C679 /* tex09.jpg */; };
		57D56EB11A6CDC530041C679 /* tex05.jpg in Resources */ = {isa = PBXBuildFile; fileRef = 57D56EAE1A6CDC530041C679 /* tex05.jpg */; };
		57D56EB21A6CDC530041C679 /* tex00.jpg in Resources */ = {isa = PBXBuildFile; fileRef = 57D56EAF1A6CDC530041C679 /* tex00.jpg */; };
/* End PBXBuildFile section */

/* Begin PBXFileReference section */
		571367E71A68E65800B4193B /* ShaderToyRenderer.m */ = {isa = PBXFileReference; fileEncoding = 4; lastKnownFileType = sourcecode.c.objc; path = ShaderToyRenderer.m; sourceTree = "<group>"; };
		571367E91A68E67500B4193B /* ShaderToyRenderer.h */ = {isa = PBXFileReference; lastKnownFileType = sourcecode.c.h; path = ShaderToyRenderer.h; sourceTree = "<group>"; };
		571804831A620942006BB4C5 /* SomewhereIn1993.fsh */ = {isa = PBXFileReference; fileEncoding = 4; lastKnownFileType = sourcecode.glsl; path = SomewhereIn1993.fsh; sourceTree = "<group>"; };
		571804851A620951006BB4C5 /* SomewhereIn1993Renderer.m */ = {isa = PBXFileReference; fileEncoding = 4; lastKnownFileType = sourcecode.c.objc; path = SomewhereIn1993Renderer.m; sourceTree = "<group>"; };
		571804861A620951006BB4C5 /* SomewhereIn1993Renderer.h */ = {isa = PBXFileReference; fileEncoding = 4; lastKnownFileType = sourcecode.c.h; path = SomewhereIn1993Renderer.h; sourceTree = "<group>"; };
		571804891A620CD9006BB4C5 /* MorningCityRenderer.m */ = {isa = PBXFileReference; fileEncoding = 4; lastKnownFileType = sourcecode.c.objc; path = MorningCityRenderer.m; sourceTree = "<group>"; };
		5718048A1A620CD9006BB4C5 /* MorningCityRenderer.h */ = {isa = PBXFileReference; fileEncoding = 4; lastKnownFileType = sourcecode.c.h; path = MorningCityRenderer.h; sourceTree = "<group>"; };
		5718048D1A620CE3006BB4C5 /* MorningCity.fsh */ = {isa = PBXFileReference; fileEncoding = 4; lastKnownFileType = sourcecode.glsl; path = MorningCity.fsh; sourceTree = "<group>"; };
		5718048F1A632CC8006BB4C5 /* CircularIterator.h */ = {isa = PBXFileReference; lastKnownFileType = sourcecode.c.h; path = CircularIterator.h; sourceTree = "<group>"; };
		571804901A636C61006BB4C5 /* CircularIteratorProtocol.h */ = {isa = PBXFileReference; lastKnownFileType = sourcecode.c.h; path = CircularIteratorProtocol.h; sourceTree = "<group>"; };
		571804911A636CE1006BB4C5 /* CircularIterator.m */ = {isa = PBXFileReference; fileEncoding = 4; lastKnownFileType = sourcecode.c.objc; path = CircularIterator.m; sourceTree = "<group>"; };
		571804931A63704C006BB4C5 /* RendererIterator.h */ = {isa = PBXFileReference; fileEncoding = 4; lastKnownFileType = sourcecode.c.h; name = RendererIterator.h; path = ../Utilities/RendererIterator.h; sourceTree = "<group>"; };
		571804951A637317006BB4C5 /* RendererIterator.m */ = {isa = PBXFileReference; fileEncoding = 4; lastKnownFileType = sourcecode.c.objc; name = RendererIterator.m; path = ../Utilities/RendererIterator.m; sourceTree = "<group>"; };
		571804971A639ED6006BB4C5 /* MusicPiratesRenderer.m */ = {isa = PBXFileReference; fileEncoding = 4; lastKnownFileType = sourcecode.c.objc; path = MusicPiratesRenderer.m; sourceTree = "<group>"; };
		571804981A639ED6006BB4C5 /* MusicPiratesRenderer.h */ = {isa = PBXFileReference; fileEncoding = 4; lastKnownFileType = sourcecode.c.h; path = MusicPiratesRenderer.h; sourceTree = "<group>"; };
		5718049B1A639EF0006BB4C5 /* MusicPirates.fsh */ = {isa = PBXFileReference; fileEncoding = 4; lastKnownFileType = sourcecode.glsl; path = MusicPirates.fsh; sourceTree = "<group>"; };
		5718049D1A63A104006BB4C5 /* tex03.jpg */ = {isa = PBXFileReference; lastKnownFileType = image.jpeg; path = tex03.jpg; sourceTree = "<group>"; };
		5718049F1A648B9D006BB4C5 /* SeascapeScreenSaver.plist */ = {isa = PBXFileReference; fileEncoding = 4; lastKnownFileType = text.plist.xml; path = SeascapeScreenSaver.plist; sourceTree = "<group>"; };
		571804A11A6492AB006BB4C5 /* PropertiesLoader.h */ = {isa = PBXFileReference; fileEncoding = 4; lastKnownFileType = sourcecode.c.h; path = PropertiesLoader.h; sourceTree = "<group>"; };
		571804A31A6492C2006BB4C5 /* PropertiesLoader.m */ = {isa = PBXFileReference; fileEncoding = 4; lastKnownFileType = sourcecode.c.objc; path = PropertiesLoader.m; sourceTree = "<group>"; };
		571804A61A64BAD2006BB4C5 /* ShaderToyRefactoring-00.txt */ = {isa = PBXFileReference; fileEncoding = 4; lastKnownFileType = text; path = "ShaderToyRefactoring-00.txt"; sourceTree = "<group>"; };
		571804A91A64DC17006BB4C5 /* starter.SeascapeScreenSaver.plist */ = {isa = PBXFileReference; fileEncoding = 4; lastKnownFileType = text.plist.xml; path = starter.SeascapeScreenSaver.plist; sourceTree = "<group>"; };
		571804AB1A64FF1D006BB4C5 /* ShaderTexture.h */ = {isa = PBXFileReference; fileEncoding = 4; lastKnownFileType = sourcecode.c.h; path = ShaderTexture.h; sourceTree = "<group>"; };
		571804AD1A64FF6D006BB4C5 /* ShaderTexture.m */ = {isa = PBXFileReference; fileEncoding = 4; lastKnownFileType = sourcecode.c.objc; path = ShaderTexture.m; sourceTree = "<group>"; };
		571804B11A6500BD006BB4C5 /* Attributes.h */ = {isa = PBXFileReference; fileEncoding = 4; lastKnownFileType = sourcecode.c.h; path = Attributes.h; sourceTree = "<group>"; };
		571804B41A65A98A006BB4C5 /* ShaderTextureData.m */ = {isa = PBXFileReference; fileEncoding = 4; lastKnownFileType = sourcecode.c.objc; path = ShaderTextureData.m; sourceTree = "<group>"; };
		571804B61A65A9AA006BB4C5 /* ShaderTextureData.h */ = {isa = PBXFileReference; lastKnownFileType = sourcecode.c.h; path = ShaderTextureData.h; sourceTree = "<group>"; };
		573DDEE31A6DE38600949D2E /* Fire.fsh */ = {isa = PBXFileReference; fileEncoding = 4; lastKnownFileType = sourcecode.glsl; path = Fire.fsh; sourceTree = "<group>"; };
		573DDEE51A6E1A6500949D2E /* tex02.jpg */ = {isa = PBXFileReference; lastKnownFileType = image.jpeg; path = tex02.jpg; sourceTree = "<group>"; };
		573DDEE71A6E1AA100949D2E /* AbandonedBase.fsh */ = {isa = PBXFileReference; fileEncoding = 4; lastKnownFileType = sourcecode.glsl; path = AbandonedBase.fsh; sourceTree = "<group>"; };
		573DDEE91A6E256300949D2E /* SunsetOnTheSea.fsh */ = {isa = PBXFileReference; fileEncoding = 4; lastKnownFileType = sourcecode.glsl; path = SunsetOnTheSea.fsh; sourceTree = "<group>"; };
		573DDEEB1A6F85CC00949D2E /* tex07.jpg */ = {isa = PBXFileReference; lastKnownFileType = image.jpeg; path = tex07.jpg; sourceTree = "<group>"; };
		573DDEED1A6F864900949D2E /* tex06.jpg */ = {isa = PBXFileReference; lastKnownFileType = image.jpeg; path = tex06.jpg; sourceTree = "<group>"; };
		573DDEEF1A6F86E700949D2E /* Kepler256o.fsh */ = {isa = PBXFileReference; fileEncoding = 4; lastKnownFileType = sourcecode.glsl; path = Kepler256o.fsh; sourceTree = "<group>"; };
		577E02DD1A60F42D007F9E2C /* SymmetricOrigins.fsh */ = {isa = PBXFileReference; fileEncoding = 4; lastKnownFileType = sourcecode.glsl; path = SymmetricOrigins.fsh; sourceTree = "<group>"; };
		577E02DE1A60F42D007F9E2C /* CommonVertexShader.vsh */ = {isa = PBXFileReference; fileEncoding = 4; lastKnownFileType = sourcecode.glsl; path = CommonVertexShader.vsh; sourceTree = "<group>"; };
		577E02E11A60F586007F9E2C /* SymmetricOriginsRenderer.h */ = {isa = PBXFileReference; fileEncoding = 4; lastKnownFileType = sourcecode.c.h; path = SymmetricOriginsRenderer.h; sourceTree = "<group>"; };
		577E02E21A60F586007F9E2C /* SymmetricOriginsRenderer.m */ = {isa = PBXFileReference; fileEncoding = 4; lastKnownFileType = sourcecode.c.objc; path = SymmetricOriginsRenderer.m; sourceTree = "<group>"; };
		57C109DA1A5DB4C7002D4F58 /* SeascapeScreenSaverView.h */ = {isa = PBXFileReference; fileEncoding = 4; lastKnownFileType = sourcecode.c.h; path = SeascapeScreenSaverView.h; sourceTree = "<group>"; };
		57C109DB1A5DB4C7002D4F58 /* SeascapeScreenSaverView.m */ = {isa = PBXFileReference; fileEncoding = 4; lastKnownFileType = sourcecode.c.objc; path = SeascapeScreenSaverView.m; sourceTree = "<group>"; };
		57C109DD1A5DB4C7002D4F58 /* Renderer.h */ = {isa = PBXFileReference; fileEncoding = 4; lastKnownFileType = sourcecode.c.h; path = Renderer.h; sourceTree = "<group>"; };
		57C109DE1A5DB4C7002D4F58 /* GLUtil.c */ = {isa = PBXFileReference; fileEncoding = 4; lastKnownFileType = sourcecode.c.c; path = GLUtil.c; sourceTree = "<group>"; };
		57C109DF1A5DB4C7002D4F58 /* GLUtil.h */ = {isa = PBXFileReference; fileEncoding = 4; lastKnownFileType = sourcecode.c.h; path = GLUtil.h; sourceTree = "<group>"; };
		57C109E01A5DB4C7002D4F58 /* ImageLoader.h */ = {isa = PBXFileReference; fileEncoding = 4; lastKnownFileType = sourcecode.c.h; path = ImageLoader.h; sourceTree = "<group>"; };
		57C109E11A5DB4C7002D4F58 /* ImageLoader.m */ = {isa = PBXFileReference; fileEncoding = 4; lastKnownFileType = sourcecode.c.objc; path = ImageLoader.m; sourceTree = "<group>"; };
		57C109E21A5DB4C7002D4F58 /* Matrix.h */ = {isa = PBXFileReference; fileEncoding = 4; lastKnownFileType = sourcecode.c.h; path = Matrix.h; sourceTree = "<group>"; };
		57C109E31A5DB4C7002D4F58 /* ShaderUtil.h */ = {isa = PBXFileReference; fileEncoding = 4; lastKnownFileType = sourcecode.c.h; path = ShaderUtil.h; sourceTree = "<group>"; };
		57C109E41A5DB4C7002D4F58 /* ShaderUtil.m */ = {isa = PBXFileReference; fileEncoding = 4; lastKnownFileType = sourcecode.c.objc; path = ShaderUtil.m; sourceTree = "<group>"; };
		57C109E51A5DB4C7002D4F58 /* Vector.h */ = {isa = PBXFileReference; fileEncoding = 4; lastKnownFileType = sourcecode.c.h; path = Vector.h; sourceTree = "<group>"; };
		57C109E61A5DB4C7002D4F58 /* WobblerRenderer.h */ = {isa = PBXFileReference; fileEncoding = 4; lastKnownFileType = sourcecode.c.h; path = WobblerRenderer.h; sourceTree = "<group>"; };
		57C109E71A5DB4C7002D4F58 /* WobblerRenderer.mm */ = {isa = PBXFileReference; fileEncoding = 4; lastKnownFileType = sourcecode.cpp.objcpp; path = WobblerRenderer.mm; sourceTree = "<group>"; };
		57C109EA1A5DB4C7002D4F58 /* Day.jpg */ = {isa = PBXFileReference; lastKnownFileType = image.jpeg; path = Day.jpg; sourceTree = "<group>"; };
		57C109EE1A5DB4C7002D4F58 /* WobblerShader.fsh */ = {isa = PBXFileReference; fileEncoding = 4; lastKnownFileType = sourcecode.glsl; path = WobblerShader.fsh; sourceTree = "<group>"; };
		57C109EF1A5DB4C7002D4F58 /* WobblerShader.vsh */ = {isa = PBXFileReference; fileEncoding = 4; lastKnownFileType = sourcecode.glsl; path = WobblerShader.vsh; sourceTree = "<group>"; };
		57C10A0F1A5DBAEA002D4F58 /* MountainsRenderer.h */ = {isa = PBXFileReference; fileEncoding = 4; lastKnownFileType = sourcecode.c.h; path = MountainsRenderer.h; sourceTree = "<group>"; };
		57C10A101A5DBAEA002D4F58 /* MountainsRenderer.m */ = {isa = PBXFileReference; fileEncoding = 4; lastKnownFileType = sourcecode.c.objc; path = MountainsRenderer.m; sourceTree = "<group>"; };
		57C10A111A5DBAEA002D4F58 /* SeascapeRenderer.h */ = {isa = PBXFileReference; fileEncoding = 4; lastKnownFileType = sourcecode.c.h; path = SeascapeRenderer.h; sourceTree = "<group>"; };
		57C10A121A5DBAEA002D4F58 /* SeascapeRenderer.m */ = {isa = PBXFileReference; fileEncoding = 4; lastKnownFileType = sourcecode.c.objc; path = SeascapeRenderer.m; sourceTree = "<group>"; };
		57C10A181A5DF068002D4F58 /* cmRenderUtils.js */ = {isa = PBXFileReference; fileEncoding = 4; lastKnownFileType = sourcecode.javascript; path = cmRenderUtils.js; sourceTree = "<group>"; };
		57C10A191A5DF068002D4F58 /* effects.js */ = {isa = PBXFileReference; fileEncoding = 4; lastKnownFileType = sourcecode.javascript; path = effects.js; sourceTree = "<group>"; };
		57C10A211A5E5BA2002D4F58 /* Mountains.fsh */ = {isa = PBXFileReference; fileEncoding = 4; lastKnownFileType = sourcecode.glsl; path = Mountains.fsh; sourceTree = "<group>"; };
		57C10A231A5E5BA2002D4F58 /* Seascape.fsh */ = {isa = PBXFileReference; fileEncoding = 4; lastKnownFileType = sourcecode.glsl; path = Seascape.fsh; sourceTree = "<group>"; };
		57C10A291A5E5FEF002D4F58 /* tex11.png */ = {isa = PBXFileReference; lastKnownFileType = image.png; path = tex11.png; sourceTree = "<group>"; };
		57C10A2A1A5E5FEF002D4F58 /* tex12.png */ = {isa = PBXFileReference; lastKnownFileType = image.png; path = tex12.png; sourceTree = "<group>"; };
		57D56E991A69D1A40041C679 /* AnimationController.h */ = {isa = PBXFileReference; fileEncoding = 4; lastKnownFileType = sourcecode.c.h; path = AnimationController.h; sourceTree = "<group>"; };
		57D56E9B1A6A2ED20041C679 /* tex16.png */ = {isa = PBXFileReference; lastKnownFileType = image.png; path = tex16.png; sourceTree = "<group>"; };
		57D56E9D1A6A2F1F0041C679 /* RacingGame.fsh */ = {isa = PBXFileReference; fileEncoding = 4; lastKnownFileType = sourcecode.glsl; path = RacingGame.fsh; sourceTree = "<group>"; };
		57D56E9F1A6AD5D50041C679 /* Tokyo.fsh */ = {isa = PBXFileReference; fileEncoding = 4; lastKnownFileType = sourcecode.glsl; path = Tokyo.fsh; sourceTree = "<group>"; };
		57D56EA11A6AFF430041C679 /* FractalCondos.fsh */ = {isa = PBXFileReference; fileEncoding = 4; lastKnownFileType = sourcecode.glsl; path = FractalCondos.fsh; sourceTree = "<group>"; };
		57D56EA31A6B00CF0041C679 /* Generators.fsh */ = {isa = PBXFileReference; fileEncoding = 4; lastKnownFileType = sourcecode.glsl; path = Generators.fsh; sourceTree = "<group>"; };
		57D56EA51A6CCB240041C679 /* MainSequenceStar.fsh */ = {isa = PBXFileReference; fileEncoding = 4; lastKnownFileType = sourcecode.glsl; path = MainSequenceStar.fsh; sourceTree = "<group>"; };
		57D56EA71A6CD0210041C679 /* MengerJourney.fsh */ = {isa = PBXFileReference; fileEncoding = 4; lastKnownFileType = sourcecode.glsl; path = MengerJourney.fsh; sourceTree = "<group>"; };
		57D56EA91A6CD3C70041C679 /* CubesAndSpheres.fsh */ = {isa = PBXFileReference; fileEncoding = 4; lastKnownFileType = sourcecode.glsl; path = CubesAndSpheres.fsh; sourceTree = "<group>"; };
		57D56EAB1A6CD8FA0041C679 /* Venice.fsh */ = {isa = PBXFileReference; fileEncoding = 4; lastKnownFileType = sourcecode.glsl; path = Venice.fsh; sourceTree = "<group>"; };
		57D56EAD1A6CDC530041C679 /* tex09.jpg */ = {isa = PBXFileReference; lastKnownFileType = image.jpeg; path = tex09.jpg; sourceTree = "<group>"; };
		57D56EAE1A6CDC530041C679 /* tex05.jpg */ = {isa = PBXFileReference; lastKnownFileType = image.jpeg; path = tex05.jpg; sourceTree = "<group>"; };
		57D56EAF1A6CDC530041C679 /* tex00.jpg */ = {isa = PBXFileReference; lastKnownFileType = image.jpeg; path = tex00.jpg; sourceTree = "<group>"; };
		57F14D891A5A29C900948DDB /* SeascapeScreenSaver.saver */ = {isa = PBXFileReference; explicitFileType = wrapper.cfbundle; includeInIndex = 0; path = SeascapeScreenSaver.saver; sourceTree = BUILT_PRODUCTS_DIR; };
/* End PBXFileReference section */

/* Begin PBXFrameworksBuildPhase section */
		57F14D851A5A29C900948DDB /* Frameworks */ = {
			isa = PBXFrameworksBuildPhase;
			buildActionMask = 2147483647;
			files = (
			);
			runOnlyForDeploymentPostprocessing = 0;
		};
/* End PBXFrameworksBuildPhase section */

/* Begin PBXGroup section */
		571804A51A64BAD2006BB4C5 /* DesignNotes */ = {
			isa = PBXGroup;
			children = (
				571804A61A64BAD2006BB4C5 /* ShaderToyRefactoring-00.txt */,
			);
			name = DesignNotes;
			path = SeascapeScreenSaver/DesignNotes;
			sourceTree = "<group>";
		};
		57C109D71A5DB4C7002D4F58 /* Classes */ = {
			isa = PBXGroup;
			children = (
				57C109DC1A5DB4C7002D4F58 /* Utilities */,
				57C10A0E1A5DBAEA002D4F58 /* ShaderToy */,
				57C109DA1A5DB4C7002D4F58 /* SeascapeScreenSaverView.h */,
				57C109DB1A5DB4C7002D4F58 /* SeascapeScreenSaverView.m */,
				57C109E61A5DB4C7002D4F58 /* WobblerRenderer.h */,
				57C109E71A5DB4C7002D4F58 /* WobblerRenderer.mm */,
			);
			name = Classes;
			path = SeascapeScreenSaver/Classes;
			sourceTree = "<group>";
		};
		57C109DC1A5DB4C7002D4F58 /* Utilities */ = {
			isa = PBXGroup;
			children = (
				57C109DD1A5DB4C7002D4F58 /* Renderer.h */,
				57C109DE1A5DB4C7002D4F58 /* GLUtil.c */,
				57C109DF1A5DB4C7002D4F58 /* GLUtil.h */,
				57C109E01A5DB4C7002D4F58 /* ImageLoader.h */,
				57C109E11A5DB4C7002D4F58 /* ImageLoader.m */,
				57C109E21A5DB4C7002D4F58 /* Matrix.h */,
				57C109E31A5DB4C7002D4F58 /* ShaderUtil.h */,
				57C109E41A5DB4C7002D4F58 /* ShaderUtil.m */,
				57C109E51A5DB4C7002D4F58 /* Vector.h */,
				571804B11A6500BD006BB4C5 /* Attributes.h */,
				571804901A636C61006BB4C5 /* CircularIteratorProtocol.h */,
				5718048F1A632CC8006BB4C5 /* CircularIterator.h */,
				571804911A636CE1006BB4C5 /* CircularIterator.m */,
				571804A11A6492AB006BB4C5 /* PropertiesLoader.h */,
				571804A31A6492C2006BB4C5 /* PropertiesLoader.m */,
				571804AB1A64FF1D006BB4C5 /* ShaderTexture.h */,
				571804AD1A64FF6D006BB4C5 /* ShaderTexture.m */,
				571804B61A65A9AA006BB4C5 /* ShaderTextureData.h */,
				571804B41A65A98A006BB4C5 /* ShaderTextureData.m */,
				57D56E991A69D1A40041C679 /* AnimationController.h */,
			);
			path = Utilities;
			sourceTree = "<group>";
		};
		57C109E81A5DB4C7002D4F58 /* Resources */ = {
			isa = PBXGroup;
			children = (
				57C109E91A5DB4C7002D4F58 /* textures */,
				571804A91A64DC17006BB4C5 /* starter.SeascapeScreenSaver.plist */,
				5718049F1A648B9D006BB4C5 /* SeascapeScreenSaver.plist */,
			);
			name = Resources;
			path = SeascapeScreenSaver/Resources;
			sourceTree = "<group>";
		};
		57C109E91A5DB4C7002D4F58 /* textures */ = {
			isa = PBXGroup;
			children = (
				573DDEED1A6F864900949D2E /* tex06.jpg */,
				573DDEEB1A6F85CC00949D2E /* tex07.jpg */,
				573DDEE51A6E1A6500949D2E /* tex02.jpg */,
				57D56EAD1A6CDC530041C679 /* tex09.jpg */,
				57D56EAE1A6CDC530041C679 /* tex05.jpg */,
				57D56EAF1A6CDC530041C679 /* tex00.jpg */,
				57D56E9B1A6A2ED20041C679 /* tex16.png */,
				5718049D1A63A104006BB4C5 /* tex03.jpg */,
				57C10A291A5E5FEF002D4F58 /* tex11.png */,
				57C10A2A1A5E5FEF002D4F58 /* tex12.png */,
				57C109EA1A5DB4C7002D4F58 /* Day.jpg */,
			);
			path = textures;
			sourceTree = "<group>";
		};
		57C109EB1A5DB4C7002D4F58 /* Shaders */ = {
			isa = PBXGroup;
			children = (
				57C10A201A5E5BA2002D4F58 /* ShaderToy */,
				57C109EE1A5DB4C7002D4F58 /* WobblerShader.fsh */,
				57C109EF1A5DB4C7002D4F58 /* WobblerShader.vsh */,
			);
			name = Shaders;
			path = SeascapeScreenSaver/Shaders;
			sourceTree = "<group>";
		};
		57C10A0E1A5DBAEA002D4F58 /* ShaderToy */ = {
			isa = PBXGroup;
			children = (
				571804931A63704C006BB4C5 /* RendererIterator.h */,
				571804951A637317006BB4C5 /* RendererIterator.m */,
				571804981A639ED6006BB4C5 /* MusicPiratesRenderer.h */,
				571804971A639ED6006BB4C5 /* MusicPiratesRenderer.m */,
				5718048A1A620CD9006BB4C5 /* MorningCityRenderer.h */,
				571804891A620CD9006BB4C5 /* MorningCityRenderer.m */,
				571804861A620951006BB4C5 /* SomewhereIn1993Renderer.h */,
				571804851A620951006BB4C5 /* SomewhereIn1993Renderer.m */,
				577E02E11A60F586007F9E2C /* SymmetricOriginsRenderer.h */,
				577E02E21A60F586007F9E2C /* SymmetricOriginsRenderer.m */,
				57C10A0F1A5DBAEA002D4F58 /* MountainsRenderer.h */,
				57C10A101A5DBAEA002D4F58 /* MountainsRenderer.m */,
				57C10A111A5DBAEA002D4F58 /* SeascapeRenderer.h */,
				57C10A121A5DBAEA002D4F58 /* SeascapeRenderer.m */,
				571367E91A68E67500B4193B /* ShaderToyRenderer.h */,
				571367E71A68E65800B4193B /* ShaderToyRenderer.m */,
			);
			path = ShaderToy;
			sourceTree = "<group>";
		};
		57C10A171A5DF068002D4F58 /* JavaScript */ = {
			isa = PBXGroup;
			children = (
				57C10A181A5DF068002D4F58 /* cmRenderUtils.js */,
				57C10A191A5DF068002D4F58 /* effects.js */,
			);
			name = JavaScript;
			path = SeascapeScreenSaver/JavaScript;
			sourceTree = "<group>";
		};
		57C10A201A5E5BA2002D4F58 /* ShaderToy */ = {
			isa = PBXGroup;
			children = (
				573DDEEF1A6F86E700949D2E /* Kepler256o.fsh */,
				573DDEE91A6E256300949D2E /* SunsetOnTheSea.fsh */,
				573DDEE71A6E1AA100949D2E /* AbandonedBase.fsh */,
				573DDEE31A6DE38600949D2E /* Fire.fsh */,
				57D56EAB1A6CD8FA0041C679 /* Venice.fsh */,
				57D56EA91A6CD3C70041C679 /* CubesAndSpheres.fsh */,
				57D56EA71A6CD0210041C679 /* MengerJourney.fsh */,
				57D56EA51A6CCB240041C679 /* MainSequenceStar.fsh */,
				57D56EA31A6B00CF0041C679 /* Generators.fsh */,
				57D56EA11A6AFF430041C679 /* FractalCondos.fsh */,
				57D56E9F1A6AD5D50041C679 /* Tokyo.fsh */,
				57D56E9D1A6A2F1F0041C679 /* RacingGame.fsh */,
				5718049B1A639EF0006BB4C5 /* MusicPirates.fsh */,
				5718048D1A620CE3006BB4C5 /* MorningCity.fsh */,
				571804831A620942006BB4C5 /* SomewhereIn1993.fsh */,
				577E02DD1A60F42D007F9E2C /* SymmetricOrigins.fsh */,
				577E02DE1A60F42D007F9E2C /* CommonVertexShader.vsh */,
				57C10A211A5E5BA2002D4F58 /* Mountains.fsh */,
				57C10A231A5E5BA2002D4F58 /* Seascape.fsh */,
			);
			path = ShaderToy;
			sourceTree = "<group>";
		};
		57F14D7F1A5A29C900948DDB = {
			isa = PBXGroup;
			children = (
				571804A51A64BAD2006BB4C5 /* DesignNotes */,
				57C10A171A5DF068002D4F58 /* JavaScript */,
				57C109D71A5DB4C7002D4F58 /* Classes */,
				57C109E81A5DB4C7002D4F58 /* Resources */,
				57C109EB1A5DB4C7002D4F58 /* Shaders */,
				57F14D8A1A5A29C900948DDB /* Products */,
			);
			sourceTree = "<group>";
		};
		57F14D8A1A5A29C900948DDB /* Products */ = {
			isa = PBXGroup;
			children = (
				57F14D891A5A29C900948DDB /* SeascapeScreenSaver.saver */,
			);
			name = Products;
			sourceTree = "<group>";
		};
/* End PBXGroup section */

/* Begin PBXHeadersBuildPhase section */
		57F14D861A5A29C900948DDB /* Headers */ = {
			isa = PBXHeadersBuildPhase;
			buildActionMask = 2147483647;
			files = (
				577E02E31A60F586007F9E2C /* SymmetricOriginsRenderer.h in Headers */,
				57C109FA1A5DB4C7002D4F58 /* ShaderUtil.h in Headers */,
				57C109FC1A5DB4C7002D4F58 /* Vector.h in Headers */,
				57C10A151A5DBAEA002D4F58 /* SeascapeRenderer.h in Headers */,
				5718048C1A620CD9006BB4C5 /* MorningCityRenderer.h in Headers */,
				57C109F21A5DB4C7002D4F58 /* SeascapeScreenSaverView.h in Headers */,
				57C109F91A5DB4C7002D4F58 /* Matrix.h in Headers */,
				571804AF1A64FF6D006BB4C5 /* ShaderTexture.m in Headers */,
				57C10A131A5DBAEA002D4F58 /* MountainsRenderer.h in Headers */,
				571804881A620951006BB4C5 /* SomewhereIn1993Renderer.h in Headers */,
				57C109F71A5DB4C7002D4F58 /* ImageLoader.h in Headers */,
				57D56E9A1A69D1A40041C679 /* AnimationController.h in Headers */,
				571804AC1A64FF1D006BB4C5 /* ShaderTexture.h in Headers */,
				571804B21A6500BD006BB4C5 /* Attributes.h in Headers */,
				57C109F41A5DB4C7002D4F58 /* Renderer.h in Headers */,
				57C109F61A5DB4C7002D4F58 /* GLUtil.h in Headers */,
				571804A21A6492AB006BB4C5 /* PropertiesLoader.h in Headers */,
				5718049A1A639ED6006BB4C5 /* MusicPiratesRenderer.h in Headers */,
				57C109FD1A5DB4C7002D4F58 /* WobblerRenderer.h in Headers */,
				571804941A63704C006BB4C5 /* RendererIterator.h in Headers */,
			);
			runOnlyForDeploymentPostprocessing = 0;
		};
/* End PBXHeadersBuildPhase section */

/* Begin PBXNativeTarget section */
		57F14D881A5A29C900948DDB /* SeascapeScreenSaver */ = {
			isa = PBXNativeTarget;
			buildConfigurationList = 57F14D941A5A29C900948DDB /* Build configuration list for PBXNativeTarget "SeascapeScreenSaver" */;
			buildPhases = (
				57F14D841A5A29C900948DDB /* Sources */,
				57F14D851A5A29C900948DDB /* Frameworks */,
				57F14D861A5A29C900948DDB /* Headers */,
				57F14D871A5A29C900948DDB /* Resources */,
			);
			buildRules = (
			);
			dependencies = (
			);
			name = SeascapeScreenSaver;
			productName = SeascapeScreenSaver;
			productReference = 57F14D891A5A29C900948DDB /* SeascapeScreenSaver.saver */;
			productType = "com.apple.product-type.bundle";
		};
/* End PBXNativeTarget section */

/* Begin PBXProject section */
		57F14D801A5A29C900948DDB /* Project object */ = {
			isa = PBXProject;
			attributes = {
				LastUpgradeCheck = 0610;
				ORGANIZATIONNAME = "David Mitchell";
				TargetAttributes = {
					57F14D881A5A29C900948DDB = {
						CreatedOnToolsVersion = 6.1.1;
					};
				};
			};
			buildConfigurationList = 57F14D831A5A29C900948DDB /* Build configuration list for PBXProject "SeascapeScreenSaver" */;
			compatibilityVersion = "Xcode 3.2";
			developmentRegion = English;
			hasScannedForEncodings = 0;
			knownRegions = (
				en,
			);
			mainGroup = 57F14D7F1A5A29C900948DDB;
			productRefGroup = 57F14D8A1A5A29C900948DDB /* Products */;
			projectDirPath = "";
			projectRoot = "";
			targets = (
				57F14D881A5A29C900948DDB /* SeascapeScreenSaver */,
			);
		};
/* End PBXProject section */

/* Begin PBXResourcesBuildPhase section */
		57F14D871A5A29C900948DDB /* Resources */ = {
			isa = PBXResourcesBuildPhase;
			buildActionMask = 2147483647;
			files = (
				57D56EA81A6CD0210041C679 /* MengerJourney.fsh in Resources */,
				571804A81A64D5DE006BB4C5 /* SeascapeScreenSaver.plist in Resources */,
				571804AA1A64DC17006BB4C5 /* starter.SeascapeScreenSaver.plist in Resources */,
				5718049E1A63A104006BB4C5 /* tex03.jpg in Resources */,
				5718048E1A620CE3006BB4C5 /* MorningCity.fsh in Resources */,
				573DDEE61A6E1A6500949D2E /* tex02.jpg in Resources */,
				57D56E9C1A6A2ED20041C679 /* tex16.png in Resources */,
				577E02E01A60F42D007F9E2C /* CommonVertexShader.vsh in Resources */,
				57D56EA01A6AD5D50041C679 /* Tokyo.fsh in Resources */,
				57D56EB21A6CDC530041C679 /* tex00.jpg in Resources */,
				57D56EA41A6B00CF0041C679 /* Generators.fsh in Resources */,
				573DDEE81A6E1AA100949D2E /* AbandonedBase.fsh in Resources */,
				57C10A251A5E5BA2002D4F58 /* Mountains.fsh in Resources */,
				57D56EB11A6CDC530041C679 /* tex05.jpg in Resources */,
				57C10A271A5E5BA2002D4F58 /* Seascape.fsh in Resources */,
				57D56EAA1A6CD3C70041C679 /* CubesAndSpheres.fsh in Resources */,
				573DDEEC1A6F85CC00949D2E /* tex07.jpg in Resources */,
				57D56E9E1A6A2F1F0041C679 /* RacingGame.fsh in Resources */,
				57D56EA61A6CCB240041C679 /* MainSequenceStar.fsh in Resources */,
				5718049C1A639EF0006BB4C5 /* MusicPirates.fsh in Resources */,
				57C10A021A5DB4C7002D4F58 /* WobblerShader.fsh in Resources */,
				577E02DF1A60F42D007F9E2C /* SymmetricOrigins.fsh in Resources */,
				57C10A031A5DB4C7002D4F58 /* WobblerShader.vsh in Resources */,
				573DDEEE1A6F864900949D2E /* tex06.jpg in Resources */,
				57D56EA21A6AFF430041C679 /* FractalCondos.fsh in Resources */,
				57D56EAC1A6CD8FA0041C679 /* Venice.fsh in Resources */,
				571804841A620942006BB4C5 /* SomewhereIn1993.fsh in Resources */,
				573DDEEA1A6E256300949D2E /* SunsetOnTheSea.fsh in Resources */,
				57C109FF1A5DB4C7002D4F58 /* Day.jpg in Resources */,
				57D56EB01A6CDC530041C679 /* tex09.jpg in Resources */,
				573DDEF01A6F86E700949D2E /* Kepler256o.fsh in Resources */,
				573DDEE41A6DE38600949D2E /* Fire.fsh in Resources */,
				57C10A2B1A5E5FEF002D4F58 /* tex11.png in Resources */,
				57C10A2C1A5E5FEF002D4F58 /* tex12.png in Resources */,
			);
			runOnlyForDeploymentPostprocessing = 0;
		};
/* End PBXResourcesBuildPhase section */

/* Begin PBXSourcesBuildPhase section */
		57F14D841A5A29C900948DDB /* Sources */ = {
			isa = PBXSourcesBuildPhase;
			buildActionMask = 2147483647;
			files = (
				571804B51A65A98A006BB4C5 /* ShaderTextureData.m in Sources */,
				571804B31A65A8FE006BB4C5 /* ShaderTexture.m in Sources */,
				57C109F51A5DB4C7002D4F58 /* GLUtil.c in Sources */,
				57C109FB1A5DB4C7002D4F58 /* ShaderUtil.m in Sources */,
				57C109FE1A5DB4C7002D4F58 /* WobblerRenderer.mm in Sources */,
				571804921A636CE1006BB4C5 /* CircularIterator.m in Sources */,
				57C109F81A5DB4C7002D4F58 /* ImageLoader.m in Sources */,
				571804961A637317006BB4C5 /* RendererIterator.m in Sources */,
				571367E81A68E65800B4193B /* ShaderToyRenderer.m in Sources */,
				57C109F31A5DB4C7002D4F58 /* SeascapeScreenSaverView.m in Sources */,
				571804A41A6492C2006BB4C5 /* PropertiesLoader.m in Sources */,
			);
			runOnlyForDeploymentPostprocessing = 0;
		};
/* End PBXSourcesBuildPhase section */

/* Begin XCBuildConfiguration section */
		57F14D921A5A29C900948DDB /* Debug */ = {
			isa = XCBuildConfiguration;
			buildSettings = {
				ALWAYS_SEARCH_USER_PATHS = NO;
				CLANG_CXX_LANGUAGE_STANDARD = "gnu++0x";
				CLANG_CXX_LIBRARY = "libc++";
				CLANG_ENABLE_MODULES = YES;
				CLANG_ENABLE_OBJC_ARC = YES;
				CLANG_WARN_BOOL_CONVERSION = YES;
				CLANG_WARN_CONSTANT_CONVERSION = YES;
				CLANG_WARN_DIRECT_OBJC_ISA_USAGE = YES_ERROR;
				CLANG_WARN_EMPTY_BODY = YES;
				CLANG_WARN_ENUM_CONVERSION = YES;
				CLANG_WARN_INT_CONVERSION = YES;
				CLANG_WARN_OBJC_ROOT_CLASS = YES_ERROR;
				CLANG_WARN_UNREACHABLE_CODE = YES;
				CLANG_WARN__DUPLICATE_METHOD_MATCH = YES;
				COPY_PHASE_STRIP = NO;
				ENABLE_STRICT_OBJC_MSGSEND = YES;
				GCC_C_LANGUAGE_STANDARD = gnu99;
				GCC_DYNAMIC_NO_PIC = NO;
				GCC_OPTIMIZATION_LEVEL = 0;
				GCC_PREPROCESSOR_DEFINITIONS = (
					"DEBUG=1",
					"$(inherited)",
				);
				GCC_SYMBOLS_PRIVATE_EXTERN = NO;
				GCC_WARN_64_TO_32_BIT_CONVERSION = YES;
				GCC_WARN_ABOUT_RETURN_TYPE = YES_ERROR;
				GCC_WARN_UNDECLARED_SELECTOR = YES;
				GCC_WARN_UNINITIALIZED_AUTOS = YES_AGGRESSIVE;
				GCC_WARN_UNUSED_FUNCTION = YES;
				GCC_WARN_UNUSED_VARIABLE = YES;
				MACOSX_DEPLOYMENT_TARGET = 10.10;
				MTL_ENABLE_DEBUG_INFO = YES;
				ONLY_ACTIVE_ARCH = YES;
				SDKROOT = macosx;
			};
			name = Debug;
		};
		57F14D931A5A29C900948DDB /* Release */ = {
			isa = XCBuildConfiguration;
			buildSettings = {
				ALWAYS_SEARCH_USER_PATHS = NO;
				CLANG_CXX_LANGUAGE_STANDARD = "gnu++0x";
				CLANG_CXX_LIBRARY = "libc++";
				CLANG_ENABLE_MODULES = YES;
				CLANG_ENABLE_OBJC_ARC = YES;
				CLANG_WARN_BOOL_CONVERSION = YES;
				CLANG_WARN_CONSTANT_CONVERSION = YES;
				CLANG_WARN_DIRECT_OBJC_ISA_USAGE = YES_ERROR;
				CLANG_WARN_EMPTY_BODY = YES;
				CLANG_WARN_ENUM_CONVERSION = YES;
				CLANG_WARN_INT_CONVERSION = YES;
				CLANG_WARN_OBJC_ROOT_CLASS = YES_ERROR;
				CLANG_WARN_UNREACHABLE_CODE = YES;
				CLANG_WARN__DUPLICATE_METHOD_MATCH = YES;
				COPY_PHASE_STRIP = YES;
				DEBUG_INFORMATION_FORMAT = "dwarf-with-dsym";
				ENABLE_NS_ASSERTIONS = NO;
				ENABLE_STRICT_OBJC_MSGSEND = YES;
				GCC_C_LANGUAGE_STANDARD = gnu99;
				GCC_WARN_64_TO_32_BIT_CONVERSION = YES;
				GCC_WARN_ABOUT_RETURN_TYPE = YES_ERROR;
				GCC_WARN_UNDECLARED_SELECTOR = YES;
				GCC_WARN_UNINITIALIZED_AUTOS = YES_AGGRESSIVE;
				GCC_WARN_UNUSED_FUNCTION = YES;
				GCC_WARN_UNUSED_VARIABLE = YES;
				MACOSX_DEPLOYMENT_TARGET = 10.10;
				MTL_ENABLE_DEBUG_INFO = NO;
				SDKROOT = macosx;
			};
			name = Release;
		};
		57F14D951A5A29C900948DDB /* Debug */ = {
			isa = XCBuildConfiguration;
			buildSettings = {
				COMBINE_HIDPI_IMAGES = YES;
				INFOPLIST_FILE = SeascapeScreenSaver/Info.plist;
				INSTALL_PATH = "$(HOME)/Library/Screen Savers";
				PRODUCT_NAME = "$(TARGET_NAME)";
				WRAPPER_EXTENSION = saver;
			};
			name = Debug;
		};
		57F14D961A5A29C900948DDB /* Release */ = {
			isa = XCBuildConfiguration;
			buildSettings = {
				COMBINE_HIDPI_IMAGES = YES;
				INFOPLIST_FILE = SeascapeScreenSaver/Info.plist;
				INSTALL_PATH = "$(HOME)/Library/Screen Savers";
				PRODUCT_NAME = "$(TARGET_NAME)";
				WRAPPER_EXTENSION = saver;
			};
			name = Release;
		};
/* End XCBuildConfiguration section */

/* Begin XCConfigurationList section */
		57F14D831A5A29C900948DDB /* Build configuration list for PBXProject "SeascapeScreenSaver" */ = {
			isa = XCConfigurationList;
			buildConfigurations = (
				57F14D921A5A29C900948DDB /* Debug */,
				57F14D931A5A29C900948DDB /* Release */,
			);
			defaultConfigurationIsVisible = 0;
			defaultConfigurationName = Release;
		};
		57F14D941A5A29C900948DDB /* Build configuration list for PBXNativeTarget "SeascapeScreenSaver" */ = {
			isa = XCConfigurationList;
			buildConfigurations = (
				57F14D951A5A29C900948DDB /* Debug */,
				57F14D961A5A29C900948DDB /* Release */,
			);
			defaultConfigurationIsVisible = 0;
			defaultConfigurationName = Release;
		};
/* End XCConfigurationList section */
	};
	rootObject = 57F14D801A5A29C900948DDB /* Project object */;
}
