// !$*UTF8*$!
{
	archiveVersion = 1;
	classes = {
	};
	objectVersion = 46;
	objects = {

/* Begin PBXBuildFile section */
		57C109741A5DACE0002D4F58 /* Day.jpg in Resources */ = {isa = PBXBuildFile; fileRef = 57C109731A5DACE0002D4F58 /* Day.jpg */; };
		57C109791A5DACFB002D4F58 /* SeascapeFragmentShader.fsh in Resources */ = {isa = PBXBuildFile; fileRef = 57C109751A5DACFB002D4F58 /* SeascapeFragmentShader.fsh */; };
		57C1097A1A5DACFB002D4F58 /* SeascapeVertexShader.vsh in Resources */ = {isa = PBXBuildFile; fileRef = 57C109761A5DACFB002D4F58 /* SeascapeVertexShader.vsh */; };
		57C1097B1A5DACFB002D4F58 /* WobblerShader.fsh in Resources */ = {isa = PBXBuildFile; fileRef = 57C109771A5DACFB002D4F58 /* WobblerShader.fsh */; };
		57C1097C1A5DACFB002D4F58 /* WobblerShader.vsh in Resources */ = {isa = PBXBuildFile; fileRef = 57C109781A5DACFB002D4F58 /* WobblerShader.vsh */; };
		57C109B91A5DAFFE002D4F58 /* SeascapeRenderer.h in Headers */ = {isa = PBXBuildFile; fileRef = 57C109B31A5DAFFE002D4F58 /* SeascapeRenderer.h */; };
		57C109BA1A5DAFFE002D4F58 /* SeascapeRenderer.m in Sources */ = {isa = PBXBuildFile; fileRef = 57C109B41A5DAFFE002D4F58 /* SeascapeRenderer.m */; };
		57C109BB1A5DAFFE002D4F58 /* SeascapeScreenSaverView.h in Headers */ = {isa = PBXBuildFile; fileRef = 57C109B51A5DAFFE002D4F58 /* SeascapeScreenSaverView.h */; };
		57C109BC1A5DAFFE002D4F58 /* SeascapeScreenSaverView.m in Sources */ = {isa = PBXBuildFile; fileRef = 57C109B61A5DAFFE002D4F58 /* SeascapeScreenSaverView.m */; };
		57C109BD1A5DAFFE002D4F58 /* WobblerRenderer.h in Headers */ = {isa = PBXBuildFile; fileRef = 57C109B71A5DAFFE002D4F58 /* WobblerRenderer.h */; };
		57C109BE1A5DAFFE002D4F58 /* WobblerRenderer.mm in Sources */ = {isa = PBXBuildFile; fileRef = 57C109B81A5DAFFE002D4F58 /* WobblerRenderer.mm */; };
		57C109C81A5DB19E002D4F58 /* ESRenderer.h in Headers */ = {isa = PBXBuildFile; fileRef = 57C109BF1A5DB19E002D4F58 /* ESRenderer.h */; };
		57C109C91A5DB19E002D4F58 /* GLUtil.c in Sources */ = {isa = PBXBuildFile; fileRef = 57C109C01A5DB19E002D4F58 /* GLUtil.c */; };
		57C109CA1A5DB19E002D4F58 /* GLUtil.h in Headers */ = {isa = PBXBuildFile; fileRef = 57C109C11A5DB19E002D4F58 /* GLUtil.h */; };
		57C109CB1A5DB19E002D4F58 /* ImageLoader.h in Headers */ = {isa = PBXBuildFile; fileRef = 57C109C21A5DB19E002D4F58 /* ImageLoader.h */; };
		57C109CC1A5DB19E002D4F58 /* ImageLoader.m in Sources */ = {isa = PBXBuildFile; fileRef = 57C109C31A5DB19E002D4F58 /* ImageLoader.m */; };
		57C109CD1A5DB19E002D4F58 /* Matrix.h in Headers */ = {isa = PBXBuildFile; fileRef = 57C109C41A5DB19E002D4F58 /* Matrix.h */; };
		57C109CE1A5DB19E002D4F58 /* ShaderUtil.h in Headers */ = {isa = PBXBuildFile; fileRef = 57C109C51A5DB19E002D4F58 /* ShaderUtil.h */; };
		57C109CF1A5DB19E002D4F58 /* ShaderUtil.m in Sources */ = {isa = PBXBuildFile; fileRef = 57C109C61A5DB19E002D4F58 /* ShaderUtil.m */; };
		57C109D01A5DB19E002D4F58 /* Vector.h in Headers */ = {isa = PBXBuildFile; fileRef = 57C109C71A5DB19E002D4F58 /* Vector.h */; };
/* End PBXBuildFile section */

/* Begin PBXFileReference section */
		57C109731A5DACE0002D4F58 /* Day.jpg */ = {isa = PBXFileReference; lastKnownFileType = image.jpeg; name = Day.jpg; path = Resources/textures/Day.jpg; sourceTree = "<group>"; };
		57C109751A5DACFB002D4F58 /* SeascapeFragmentShader.fsh */ = {isa = PBXFileReference; fileEncoding = 4; lastKnownFileType = sourcecode.glsl; name = SeascapeFragmentShader.fsh; path = Shaders/SeascapeFragmentShader.fsh; sourceTree = "<group>"; };
		57C109761A5DACFB002D4F58 /* SeascapeVertexShader.vsh */ = {isa = PBXFileReference; fileEncoding = 4; lastKnownFileType = sourcecode.glsl; name = SeascapeVertexShader.vsh; path = Shaders/SeascapeVertexShader.vsh; sourceTree = "<group>"; };
		57C109771A5DACFB002D4F58 /* WobblerShader.fsh */ = {isa = PBXFileReference; fileEncoding = 4; lastKnownFileType = sourcecode.glsl; name = WobblerShader.fsh; path = Shaders/WobblerShader.fsh; sourceTree = "<group>"; };
		57C109781A5DACFB002D4F58 /* WobblerShader.vsh */ = {isa = PBXFileReference; fileEncoding = 4; lastKnownFileType = sourcecode.glsl; name = WobblerShader.vsh; path = Shaders/WobblerShader.vsh; sourceTree = "<group>"; };
		57C109B31A5DAFFE002D4F58 /* SeascapeRenderer.h */ = {isa = PBXFileReference; fileEncoding = 4; lastKnownFileType = sourcecode.c.h; name = SeascapeRenderer.h; path = Classes/SeascapeRenderer.h; sourceTree = SOURCE_ROOT; };
		57C109B41A5DAFFE002D4F58 /* SeascapeRenderer.m */ = {isa = PBXFileReference; fileEncoding = 4; lastKnownFileType = sourcecode.c.objc; name = SeascapeRenderer.m; path = Classes/SeascapeRenderer.m; sourceTree = SOURCE_ROOT; };
		57C109B51A5DAFFE002D4F58 /* SeascapeScreenSaverView.h */ = {isa = PBXFileReference; fileEncoding = 4; lastKnownFileType = sourcecode.c.h; name = SeascapeScreenSaverView.h; path = Classes/SeascapeScreenSaverView.h; sourceTree = SOURCE_ROOT; };
		57C109B61A5DAFFE002D4F58 /* SeascapeScreenSaverView.m */ = {isa = PBXFileReference; fileEncoding = 4; lastKnownFileType = sourcecode.c.objc; name = SeascapeScreenSaverView.m; path = Classes/SeascapeScreenSaverView.m; sourceTree = SOURCE_ROOT; };
		57C109B71A5DAFFE002D4F58 /* WobblerRenderer.h */ = {isa = PBXFileReference; fileEncoding = 4; lastKnownFileType = sourcecode.c.h; name = WobblerRenderer.h; path = Classes/WobblerRenderer.h; sourceTree = SOURCE_ROOT; };
		57C109B81A5DAFFE002D4F58 /* WobblerRenderer.mm */ = {isa = PBXFileReference; fileEncoding = 4; lastKnownFileType = sourcecode.cpp.objcpp; name = WobblerRenderer.mm; path = Classes/WobblerRenderer.mm; sourceTree = SOURCE_ROOT; };
		57C109BF1A5DB19E002D4F58 /* ESRenderer.h */ = {isa = PBXFileReference; fileEncoding = 4; lastKnownFileType = sourcecode.c.h; name = ESRenderer.h; path = Classes/Utilities/ESRenderer.h; sourceTree = SOURCE_ROOT; };
		57C109C01A5DB19E002D4F58 /* GLUtil.c */ = {isa = PBXFileReference; fileEncoding = 4; lastKnownFileType = sourcecode.c.c; name = GLUtil.c; path = Classes/Utilities/GLUtil.c; sourceTree = SOURCE_ROOT; };
		57C109C11A5DB19E002D4F58 /* GLUtil.h */ = {isa = PBXFileReference; fileEncoding = 4; lastKnownFileType = sourcecode.c.h; name = GLUtil.h; path = Classes/Utilities/GLUtil.h; sourceTree = SOURCE_ROOT; };
		57C109C21A5DB19E002D4F58 /* ImageLoader.h */ = {isa = PBXFileReference; fileEncoding = 4; lastKnownFileType = sourcecode.c.h; name = ImageLoader.h; path = Classes/Utilities/ImageLoader.h; sourceTree = SOURCE_ROOT; };
		57C109C31A5DB19E002D4F58 /* ImageLoader.m */ = {isa = PBXFileReference; fileEncoding = 4; lastKnownFileType = sourcecode.c.objc; name = ImageLoader.m; path = Classes/Utilities/ImageLoader.m; sourceTree = SOURCE_ROOT; };
		57C109C41A5DB19E002D4F58 /* Matrix.h */ = {isa = PBXFileReference; fileEncoding = 4; lastKnownFileType = sourcecode.c.h; name = Matrix.h; path = Classes/Utilities/Matrix.h; sourceTree = SOURCE_ROOT; };
		57C109C51A5DB19E002D4F58 /* ShaderUtil.h */ = {isa = PBXFileReference; fileEncoding = 4; lastKnownFileType = sourcecode.c.h; name = ShaderUtil.h; path = Classes/Utilities/ShaderUtil.h; sourceTree = SOURCE_ROOT; };
		57C109C61A5DB19E002D4F58 /* ShaderUtil.m */ = {isa = PBXFileReference; fileEncoding = 4; lastKnownFileType = sourcecode.c.objc; name = ShaderUtil.m; path = Classes/Utilities/ShaderUtil.m; sourceTree = SOURCE_ROOT; };
		57C109C71A5DB19E002D4F58 /* Vector.h */ = {isa = PBXFileReference; fileEncoding = 4; lastKnownFileType = sourcecode.c.h; name = Vector.h; path = Classes/Utilities/Vector.h; sourceTree = SOURCE_ROOT; };
		57F14D891A5A29C900948DDB /* SeascapeScreenSaver.saver */ = {isa = PBXFileReference; explicitFileType = wrapper.cfbundle; includeInIndex = 0; path = SeascapeScreenSaver.saver; sourceTree = BUILT_PRODUCTS_DIR; };
		57F14D8D1A5A29C900948DDB /* Info.plist */ = {isa = PBXFileReference; lastKnownFileType = text.plist; path = Info.plist; sourceTree = "<group>"; };
/* End PBXFileReference section */

/* Begin PBXFrameworksBuildPhase section */
		57F14D851A5A29C900948DDB /* Frameworks */ = {
			isa = PBXFrameworksBuildPhase;
			buildActionMask = 2147483647;
			files = (
			);
			runOnlyForDeploymentPostprocessing = 0;
		};
/* End PBXFrameworksBuildPhase section */

/* Begin PBXGroup section */
		57F14D7F1A5A29C900948DDB = {
			isa = PBXGroup;
			children = (
				57F14DC31A5BB04100948DDB /* Resources */,
				57F14D971A5A312800948DDB /* Shaders */,
				57F14D8B1A5A29C900948DDB /* Classes */,
				57F14D8A1A5A29C900948DDB /* Products */,
			);
			sourceTree = "<group>";
		};
		57F14D8A1A5A29C900948DDB /* Products */ = {
			isa = PBXGroup;
			children = (
				57F14D891A5A29C900948DDB /* SeascapeScreenSaver.saver */,
			);
			name = Products;
			sourceTree = "<group>";
		};
		57F14D8B1A5A29C900948DDB /* Classes */ = {
			isa = PBXGroup;
			children = (
				57C109B31A5DAFFE002D4F58 /* SeascapeRenderer.h */,
				57C109B41A5DAFFE002D4F58 /* SeascapeRenderer.m */,
				57C109B51A5DAFFE002D4F58 /* SeascapeScreenSaverView.h */,
				57C109B61A5DAFFE002D4F58 /* SeascapeScreenSaverView.m */,
				57C109B71A5DAFFE002D4F58 /* WobblerRenderer.h */,
				57C109B81A5DAFFE002D4F58 /* WobblerRenderer.mm */,
				57C109BF1A5DB19E002D4F58 /* ESRenderer.h */,
				57F14DA01A5A317F00948DDB /* Utilities */,
				57F14D8C1A5A29C900948DDB /* Supporting Files */,
			);
			name = Classes;
			path = SeascapeScreenSaver;
			sourceTree = "<group>";
		};
		57F14D8C1A5A29C900948DDB /* Supporting Files */ = {
			isa = PBXGroup;
			children = (
				57F14D8D1A5A29C900948DDB /* Info.plist */,
			);
			name = "Supporting Files";
			sourceTree = "<group>";
		};
		57F14D971A5A312800948DDB /* Shaders */ = {
			isa = PBXGroup;
			children = (
				57C109751A5DACFB002D4F58 /* SeascapeFragmentShader.fsh */,
				57C109761A5DACFB002D4F58 /* SeascapeVertexShader.vsh */,
				57C109771A5DACFB002D4F58 /* WobblerShader.fsh */,
				57C109781A5DACFB002D4F58 /* WobblerShader.vsh */,
			);
			name = Shaders;
			sourceTree = "<group>";
		};
		57F14DA01A5A317F00948DDB /* Utilities */ = {
			isa = PBXGroup;
			children = (
				57C109C01A5DB19E002D4F58 /* GLUtil.c */,
				57C109C11A5DB19E002D4F58 /* GLUtil.h */,
				57C109C21A5DB19E002D4F58 /* ImageLoader.h */,
				57C109C31A5DB19E002D4F58 /* ImageLoader.m */,
				57C109C41A5DB19E002D4F58 /* Matrix.h */,
				57C109C51A5DB19E002D4F58 /* ShaderUtil.h */,
				57C109C61A5DB19E002D4F58 /* ShaderUtil.m */,
				57C109C71A5DB19E002D4F58 /* Vector.h */,
			);
			name = Utilities;
			path = ..;
			sourceTree = "<group>";
		};
		57F14DC31A5BB04100948DDB /* Resources */ = {
			isa = PBXGroup;
			children = (
				57F14DC41A5BB04A00948DDB /* Textures */,
			);
			name = Resources;
			sourceTree = "<group>";
		};
		57F14DC41A5BB04A00948DDB /* Textures */ = {
			isa = PBXGroup;
			children = (
				57C109731A5DACE0002D4F58 /* Day.jpg */,
			);
			name = Textures;
			sourceTree = "<group>";
		};
/* End PBXGroup section */

/* Begin PBXHeadersBuildPhase section */
		57F14D861A5A29C900948DDB /* Headers */ = {
			isa = PBXHeadersBuildPhase;
			buildActionMask = 2147483647;
			files = (
				57C109CA1A5DB19E002D4F58 /* GLUtil.h in Headers */,
				57C109CB1A5DB19E002D4F58 /* ImageLoader.h in Headers */,
				57C109CD1A5DB19E002D4F58 /* Matrix.h in Headers */,
				57C109B91A5DAFFE002D4F58 /* SeascapeRenderer.h in Headers */,
				57C109D01A5DB19E002D4F58 /* Vector.h in Headers */,
				57C109C81A5DB19E002D4F58 /* ESRenderer.h in Headers */,
				57C109BB1A5DAFFE002D4F58 /* SeascapeScreenSaverView.h in Headers */,
				57C109BD1A5DAFFE002D4F58 /* WobblerRenderer.h in Headers */,
				57C109CE1A5DB19E002D4F58 /* ShaderUtil.h in Headers */,
			);
			runOnlyForDeploymentPostprocessing = 0;
		};
/* End PBXHeadersBuildPhase section */

/* Begin PBXNativeTarget section */
		57F14D881A5A29C900948DDB /* SeascapeScreenSaver */ = {
			isa = PBXNativeTarget;
			buildConfigurationList = 57F14D941A5A29C900948DDB /* Build configuration list for PBXNativeTarget "SeascapeScreenSaver" */;
			buildPhases = (
				57F14D841A5A29C900948DDB /* Sources */,
				57F14D851A5A29C900948DDB /* Frameworks */,
				57F14D861A5A29C900948DDB /* Headers */,
				57F14D871A5A29C900948DDB /* Resources */,
			);
			buildRules = (
			);
			dependencies = (
			);
			name = SeascapeScreenSaver;
			productName = SeascapeScreenSaver;
			productReference = 57F14D891A5A29C900948DDB /* SeascapeScreenSaver.saver */;
			productType = "com.apple.product-type.bundle";
		};
/* End PBXNativeTarget section */

/* Begin PBXProject section */
		57F14D801A5A29C900948DDB /* Project object */ = {
			isa = PBXProject;
			attributes = {
				LastUpgradeCheck = 0610;
				ORGANIZATIONNAME = "David Mitchell";
				TargetAttributes = {
					57F14D881A5A29C900948DDB = {
						CreatedOnToolsVersion = 6.1.1;
					};
				};
			};
			buildConfigurationList = 57F14D831A5A29C900948DDB /* Build configuration list for PBXProject "SeascapeScreenSaver" */;
			compatibilityVersion = "Xcode 3.2";
			developmentRegion = English;
			hasScannedForEncodings = 0;
			knownRegions = (
				en,
			);
			mainGroup = 57F14D7F1A5A29C900948DDB;
			productRefGroup = 57F14D8A1A5A29C900948DDB /* Products */;
			projectDirPath = "";
			projectRoot = "";
			targets = (
				57F14D881A5A29C900948DDB /* SeascapeScreenSaver */,
			);
		};
/* End PBXProject section */

/* Begin PBXResourcesBuildPhase section */
		57F14D871A5A29C900948DDB /* Resources */ = {
			isa = PBXResourcesBuildPhase;
			buildActionMask = 2147483647;
			files = (
				57C1097B1A5DACFB002D4F58 /* WobblerShader.fsh in Resources */,
				57C1097A1A5DACFB002D4F58 /* SeascapeVertexShader.vsh in Resources */,
				57C1097C1A5DACFB002D4F58 /* WobblerShader.vsh in Resources */,
				57C109741A5DACE0002D4F58 /* Day.jpg in Resources */,
				57C109791A5DACFB002D4F58 /* SeascapeFragmentShader.fsh in Resources */,
			);
			runOnlyForDeploymentPostprocessing = 0;
		};
/* End PBXResourcesBuildPhase section */

/* Begin PBXSourcesBuildPhase section */
		57F14D841A5A29C900948DDB /* Sources */ = {
			isa = PBXSourcesBuildPhase;
			buildActionMask = 2147483647;
			files = (
				57C109BE1A5DAFFE002D4F58 /* WobblerRenderer.mm in Sources */,
				57C109CC1A5DB19E002D4F58 /* ImageLoader.m in Sources */,
				57C109CF1A5DB19E002D4F58 /* ShaderUtil.m in Sources */,
				57C109BC1A5DAFFE002D4F58 /* SeascapeScreenSaverView.m in Sources */,
				57C109C91A5DB19E002D4F58 /* GLUtil.c in Sources */,
				57C109BA1A5DAFFE002D4F58 /* SeascapeRenderer.m in Sources */,
			);
			runOnlyForDeploymentPostprocessing = 0;
		};
/* End PBXSourcesBuildPhase section */

/* Begin XCBuildConfiguration section */
		57F14D921A5A29C900948DDB /* Debug */ = {
			isa = XCBuildConfiguration;
			buildSettings = {
				ALWAYS_SEARCH_USER_PATHS = NO;
				CLANG_CXX_LANGUAGE_STANDARD = "gnu++0x";
				CLANG_CXX_LIBRARY = "libc++";
				CLANG_ENABLE_MODULES = YES;
				CLANG_ENABLE_OBJC_ARC = YES;
				CLANG_WARN_BOOL_CONVERSION = YES;
				CLANG_WARN_CONSTANT_CONVERSION = YES;
				CLANG_WARN_DIRECT_OBJC_ISA_USAGE = YES_ERROR;
				CLANG_WARN_EMPTY_BODY = YES;
				CLANG_WARN_ENUM_CONVERSION = YES;
				CLANG_WARN_INT_CONVERSION = YES;
				CLANG_WARN_OBJC_ROOT_CLASS = YES_ERROR;
				CLANG_WARN_UNREACHABLE_CODE = YES;
				CLANG_WARN__DUPLICATE_METHOD_MATCH = YES;
				COPY_PHASE_STRIP = NO;
				ENABLE_STRICT_OBJC_MSGSEND = YES;
				GCC_C_LANGUAGE_STANDARD = gnu99;
				GCC_DYNAMIC_NO_PIC = NO;
				GCC_OPTIMIZATION_LEVEL = 0;
				GCC_PREPROCESSOR_DEFINITIONS = (
					"DEBUG=1",
					"$(inherited)",
				);
				GCC_SYMBOLS_PRIVATE_EXTERN = NO;
				GCC_WARN_64_TO_32_BIT_CONVERSION = YES;
				GCC_WARN_ABOUT_RETURN_TYPE = YES_ERROR;
				GCC_WARN_UNDECLARED_SELECTOR = YES;
				GCC_WARN_UNINITIALIZED_AUTOS = YES_AGGRESSIVE;
				GCC_WARN_UNUSED_FUNCTION = YES;
				GCC_WARN_UNUSED_VARIABLE = YES;
				MACOSX_DEPLOYMENT_TARGET = 10.10;
				MTL_ENABLE_DEBUG_INFO = YES;
				ONLY_ACTIVE_ARCH = YES;
				SDKROOT = macosx;
			};
			name = Debug;
		};
		57F14D931A5A29C900948DDB /* Release */ = {
			isa = XCBuildConfiguration;
			buildSettings = {
				ALWAYS_SEARCH_USER_PATHS = NO;
				CLANG_CXX_LANGUAGE_STANDARD = "gnu++0x";
				CLANG_CXX_LIBRARY = "libc++";
				CLANG_ENABLE_MODULES = YES;
				CLANG_ENABLE_OBJC_ARC = YES;
				CLANG_WARN_BOOL_CONVERSION = YES;
				CLANG_WARN_CONSTANT_CONVERSION = YES;
				CLANG_WARN_DIRECT_OBJC_ISA_USAGE = YES_ERROR;
				CLANG_WARN_EMPTY_BODY = YES;
				CLANG_WARN_ENUM_CONVERSION = YES;
				CLANG_WARN_INT_CONVERSION = YES;
				CLANG_WARN_OBJC_ROOT_CLASS = YES_ERROR;
				CLANG_WARN_UNREACHABLE_CODE = YES;
				CLANG_WARN__DUPLICATE_METHOD_MATCH = YES;
				COPY_PHASE_STRIP = YES;
				DEBUG_INFORMATION_FORMAT = "dwarf-with-dsym";
				ENABLE_NS_ASSERTIONS = NO;
				ENABLE_STRICT_OBJC_MSGSEND = YES;
				GCC_C_LANGUAGE_STANDARD = gnu99;
				GCC_WARN_64_TO_32_BIT_CONVERSION = YES;
				GCC_WARN_ABOUT_RETURN_TYPE = YES_ERROR;
				GCC_WARN_UNDECLARED_SELECTOR = YES;
				GCC_WARN_UNINITIALIZED_AUTOS = YES_AGGRESSIVE;
				GCC_WARN_UNUSED_FUNCTION = YES;
				GCC_WARN_UNUSED_VARIABLE = YES;
				MACOSX_DEPLOYMENT_TARGET = 10.10;
				MTL_ENABLE_DEBUG_INFO = NO;
				SDKROOT = macosx;
			};
			name = Release;
		};
		57F14D951A5A29C900948DDB /* Debug */ = {
			isa = XCBuildConfiguration;
			buildSettings = {
				COMBINE_HIDPI_IMAGES = YES;
				INFOPLIST_FILE = SeascapeScreenSaver/Info.plist;
				INSTALL_PATH = "$(HOME)/Library/Screen Savers";
				PRODUCT_NAME = "$(TARGET_NAME)";
				WRAPPER_EXTENSION = saver;
			};
			name = Debug;
		};
		57F14D961A5A29C900948DDB /* Release */ = {
			isa = XCBuildConfiguration;
			buildSettings = {
				COMBINE_HIDPI_IMAGES = YES;
				INFOPLIST_FILE = SeascapeScreenSaver/Info.plist;
				INSTALL_PATH = "$(HOME)/Library/Screen Savers";
				PRODUCT_NAME = "$(TARGET_NAME)";
				WRAPPER_EXTENSION = saver;
			};
			name = Release;
		};
/* End XCBuildConfiguration section */

/* Begin XCConfigurationList section */
		57F14D831A5A29C900948DDB /* Build configuration list for PBXProject "SeascapeScreenSaver" */ = {
			isa = XCConfigurationList;
			buildConfigurations = (
				57F14D921A5A29C900948DDB /* Debug */,
				57F14D931A5A29C900948DDB /* Release */,
			);
			defaultConfigurationIsVisible = 0;
			defaultConfigurationName = Release;
		};
		57F14D941A5A29C900948DDB /* Build configuration list for PBXNativeTarget "SeascapeScreenSaver" */ = {
			isa = XCConfigurationList;
			buildConfigurations = (
				57F14D951A5A29C900948DDB /* Debug */,
				57F14D961A5A29C900948DDB /* Release */,
			);
			defaultConfigurationIsVisible = 0;
			defaultConfigurationName = Release;
		};
/* End XCConfigurationList section */
	};
	rootObject = 57F14D801A5A29C900948DDB /* Project object */;
}
